// !$*UTF8*$!
{
	archiveVersion = 1;
	classes = {
	};
	objectVersion = 55;
	objects = {

/* Begin PBXBuildFile section */
		1F29C21A283E924A004FFBE3 /* SwiftUIIntermediateBootcampApp.swift in Sources */ = {isa = PBXBuildFile; fileRef = 1F29C219283E924A004FFBE3 /* SwiftUIIntermediateBootcampApp.swift */; };
		1F29C21C283E924A004FFBE3 /* ContentView.swift in Sources */ = {isa = PBXBuildFile; fileRef = 1F29C21B283E924A004FFBE3 /* ContentView.swift */; };
		1F29C21E283E924C004FFBE3 /* Assets.xcassets in Resources */ = {isa = PBXBuildFile; fileRef = 1F29C21D283E924C004FFBE3 /* Assets.xcassets */; };
		1F29C221283E924C004FFBE3 /* Preview Assets.xcassets in Resources */ = {isa = PBXBuildFile; fileRef = 1F29C220283E924C004FFBE3 /* Preview Assets.xcassets */; };
		1F29C228283E93F3004FFBE3 /* LongPressGestureBootcamp.swift in Sources */ = {isa = PBXBuildFile; fileRef = 1F29C227283E93F3004FFBE3 /* LongPressGestureBootcamp.swift */; };
		1F48627E284E5C2E005B4D66 /* LocalNotificationBootcamp.swift in Sources */ = {isa = PBXBuildFile; fileRef = 1F48627D284E5C2E005B4D66 /* LocalNotificationBootcamp.swift */; };
		1F5C5103283F6BD300B8DFE6 /* MagnificationGestureBootcamp.swift in Sources */ = {isa = PBXBuildFile; fileRef = 1F5C5102283F6BD300B8DFE6 /* MagnificationGestureBootcamp.swift */; };
		1F5C5105283F6F0400B8DFE6 /* RotationGestureBootcamp.swift in Sources */ = {isa = PBXBuildFile; fileRef = 1F5C5104283F6F0400B8DFE6 /* RotationGestureBootcamp.swift */; };
		1F5C5107283F709C00B8DFE6 /* DragGestureBootcamp.swift in Sources */ = {isa = PBXBuildFile; fileRef = 1F5C5106283F709C00B8DFE6 /* DragGestureBootcamp.swift */; };
		1FAFAAB4284FAC3800944DA7 /* HashableBootcamp.swift in Sources */ = {isa = PBXBuildFile; fileRef = 1FAFAAB3284FAC3800944DA7 /* HashableBootcamp.swift */; };
		1FAFAAB6284FB47800944DA7 /* ArraysBootcamp.swift in Sources */ = {isa = PBXBuildFile; fileRef = 1FAFAAB5284FB47800944DA7 /* ArraysBootcamp.swift */; };
		1FB1054B284D118C00F96389 /* ScrollViewReaderBootcamp.swift in Sources */ = {isa = PBXBuildFile; fileRef = 1FB1054A284D118C00F96389 /* ScrollViewReaderBootcamp.swift */; };
		1FB1054D284D197E00F96389 /* GeometryReaderBootcamp.swift in Sources */ = {isa = PBXBuildFile; fileRef = 1FB1054C284D197E00F96389 /* GeometryReaderBootcamp.swift */; };
		1FB1054F284D1F8400F96389 /* MultipleSheetBootcamp.swift in Sources */ = {isa = PBXBuildFile; fileRef = 1FB1054E284D1F8400F96389 /* MultipleSheetBootcamp.swift */; };
		8B667F9328A9384D00619D53 /* DownloadWithEscapingBootcamp.swift in Sources */ = {isa = PBXBuildFile; fileRef = 8B667F9228A9384D00619D53 /* DownloadWithEscapingBootcamp.swift */; };
		8B736D2B2858C59700464437 /* BackgroundThreadBootcamp.swift in Sources */ = {isa = PBXBuildFile; fileRef = 8B736D2A2858C59700464437 /* BackgroundThreadBootcamp.swift */; };
		8B736D2D2858EBF000464437 /* WeakSelfBootcamp.swift in Sources */ = {isa = PBXBuildFile; fileRef = 8B736D2C2858EBF000464437 /* WeakSelfBootcamp.swift */; };
		8B949BA1285A3A4800B9CBDF /* TypealiasBootcamp.swift in Sources */ = {isa = PBXBuildFile; fileRef = 8B949BA0285A3A4800B9CBDF /* TypealiasBootcamp.swift */; };
		8B949BA3285B165100B9CBDF /* EscapingBootcamp.swift in Sources */ = {isa = PBXBuildFile; fileRef = 8B949BA2285B165100B9CBDF /* EscapingBootcamp.swift */; };
/* End PBXBuildFile section */

/* Begin PBXFileReference section */
		1F29C216283E924A004FFBE3 /* SwiftUIIntermediateBootcamp.app */ = {isa = PBXFileReference; explicitFileType = wrapper.application; includeInIndex = 0; path = SwiftUIIntermediateBootcamp.app; sourceTree = BUILT_PRODUCTS_DIR; };
		1F29C219283E924A004FFBE3 /* SwiftUIIntermediateBootcampApp.swift */ = {isa = PBXFileReference; lastKnownFileType = sourcecode.swift; path = SwiftUIIntermediateBootcampApp.swift; sourceTree = "<group>"; };
		1F29C21B283E924A004FFBE3 /* ContentView.swift */ = {isa = PBXFileReference; lastKnownFileType = sourcecode.swift; path = ContentView.swift; sourceTree = "<group>"; };
		1F29C21D283E924C004FFBE3 /* Assets.xcassets */ = {isa = PBXFileReference; lastKnownFileType = folder.assetcatalog; path = Assets.xcassets; sourceTree = "<group>"; };
		1F29C220283E924C004FFBE3 /* Preview Assets.xcassets */ = {isa = PBXFileReference; lastKnownFileType = folder.assetcatalog; path = "Preview Assets.xcassets"; sourceTree = "<group>"; };
		1F29C227283E93F3004FFBE3 /* LongPressGestureBootcamp.swift */ = {isa = PBXFileReference; lastKnownFileType = sourcecode.swift; path = LongPressGestureBootcamp.swift; sourceTree = "<group>"; };
		1F48627D284E5C2E005B4D66 /* LocalNotificationBootcamp.swift */ = {isa = PBXFileReference; lastKnownFileType = sourcecode.swift; path = LocalNotificationBootcamp.swift; sourceTree = "<group>"; };
		1F5C5102283F6BD300B8DFE6 /* MagnificationGestureBootcamp.swift */ = {isa = PBXFileReference; lastKnownFileType = sourcecode.swift; path = MagnificationGestureBootcamp.swift; sourceTree = "<group>"; };
		1F5C5104283F6F0400B8DFE6 /* RotationGestureBootcamp.swift */ = {isa = PBXFileReference; lastKnownFileType = sourcecode.swift; path = RotationGestureBootcamp.swift; sourceTree = "<group>"; };
		1F5C5106283F709C00B8DFE6 /* DragGestureBootcamp.swift */ = {isa = PBXFileReference; lastKnownFileType = sourcecode.swift; path = DragGestureBootcamp.swift; sourceTree = "<group>"; };
		1FAFAAB3284FAC3800944DA7 /* HashableBootcamp.swift */ = {isa = PBXFileReference; lastKnownFileType = sourcecode.swift; path = HashableBootcamp.swift; sourceTree = "<group>"; };
		1FAFAAB5284FB47800944DA7 /* ArraysBootcamp.swift */ = {isa = PBXFileReference; lastKnownFileType = sourcecode.swift; path = ArraysBootcamp.swift; sourceTree = "<group>"; };
		1FB1054A284D118C00F96389 /* ScrollViewReaderBootcamp.swift */ = {isa = PBXFileReference; lastKnownFileType = sourcecode.swift; path = ScrollViewReaderBootcamp.swift; sourceTree = "<group>"; };
		1FB1054C284D197E00F96389 /* GeometryReaderBootcamp.swift */ = {isa = PBXFileReference; lastKnownFileType = sourcecode.swift; path = GeometryReaderBootcamp.swift; sourceTree = "<group>"; };
		1FB1054E284D1F8400F96389 /* MultipleSheetBootcamp.swift */ = {isa = PBXFileReference; lastKnownFileType = sourcecode.swift; path = MultipleSheetBootcamp.swift; sourceTree = "<group>"; };
		8B667F9228A9384D00619D53 /* DownloadWithEscapingBootcamp.swift */ = {isa = PBXFileReference; lastKnownFileType = sourcecode.swift; path = DownloadWithEscapingBootcamp.swift; sourceTree = "<group>"; };
		8B736D2A2858C59700464437 /* BackgroundThreadBootcamp.swift */ = {isa = PBXFileReference; lastKnownFileType = sourcecode.swift; path = BackgroundThreadBootcamp.swift; sourceTree = "<group>"; };
		8B736D2C2858EBF000464437 /* WeakSelfBootcamp.swift */ = {isa = PBXFileReference; lastKnownFileType = sourcecode.swift; path = WeakSelfBootcamp.swift; sourceTree = "<group>"; };
		8B949BA0285A3A4800B9CBDF /* TypealiasBootcamp.swift */ = {isa = PBXFileReference; lastKnownFileType = sourcecode.swift; path = TypealiasBootcamp.swift; sourceTree = "<group>"; };
		8B949BA2285B165100B9CBDF /* EscapingBootcamp.swift */ = {isa = PBXFileReference; lastKnownFileType = sourcecode.swift; path = EscapingBootcamp.swift; sourceTree = "<group>"; };
/* End PBXFileReference section */

/* Begin PBXFrameworksBuildPhase section */
		1F29C213283E924A004FFBE3 /* Frameworks */ = {
			isa = PBXFrameworksBuildPhase;
			buildActionMask = 2147483647;
			files = (
			);
			runOnlyForDeploymentPostprocessing = 0;
		};
/* End PBXFrameworksBuildPhase section */

/* Begin PBXGroup section */
		1F29C20D283E924A004FFBE3 = {
			isa = PBXGroup;
			children = (
				1F29C218283E924A004FFBE3 /* SwiftUIIntermediateBootcamp */,
				1F29C217283E924A004FFBE3 /* Products */,
			);
			sourceTree = "<group>";
		};
		1F29C217283E924A004FFBE3 /* Products */ = {
			isa = PBXGroup;
			children = (
				1F29C216283E924A004FFBE3 /* SwiftUIIntermediateBootcamp.app */,
			);
			name = Products;
			sourceTree = "<group>";
		};
		1F29C218283E924A004FFBE3 /* SwiftUIIntermediateBootcamp */ = {
			isa = PBXGroup;
			children = (
				1F5C5102283F6BD300B8DFE6 /* MagnificationGestureBootcamp.swift */,
				1F5C5106283F709C00B8DFE6 /* DragGestureBootcamp.swift */,
				1F29C227283E93F3004FFBE3 /* LongPressGestureBootcamp.swift */,
				1F5C5104283F6F0400B8DFE6 /* RotationGestureBootcamp.swift */,
				1F29C219283E924A004FFBE3 /* SwiftUIIntermediateBootcampApp.swift */,
				8B736D2A2858C59700464437 /* BackgroundThreadBootcamp.swift */,
				1FB1054A284D118C00F96389 /* ScrollViewReaderBootcamp.swift */,
				1FB1054E284D1F8400F96389 /* MultipleSheetBootcamp.swift */,
				1FB1054C284D197E00F96389 /* GeometryReaderBootcamp.swift */,
				1F48627D284E5C2E005B4D66 /* LocalNotificationBootcamp.swift */,
				1FAFAAB3284FAC3800944DA7 /* HashableBootcamp.swift */,
				8B736D2C2858EBF000464437 /* WeakSelfBootcamp.swift */,
				1FAFAAB5284FB47800944DA7 /* ArraysBootcamp.swift */,
				8B949BA2285B165100B9CBDF /* EscapingBootcamp.swift */,
				1F29C21B283E924A004FFBE3 /* ContentView.swift */,
				8B949BA0285A3A4800B9CBDF /* TypealiasBootcamp.swift */,
				8B667F9228A9384D00619D53 /* DownloadWithEscapingBootcamp.swift */,
				1F29C21D283E924C004FFBE3 /* Assets.xcassets */,
				1F29C21F283E924C004FFBE3 /* Preview Content */,
			);
			path = SwiftUIIntermediateBootcamp;
			sourceTree = "<group>";
		};
		1F29C21F283E924C004FFBE3 /* Preview Content */ = {
			isa = PBXGroup;
			children = (
				1F29C220283E924C004FFBE3 /* Preview Assets.xcassets */,
			);
			path = "Preview Content";
			sourceTree = "<group>";
		};
/* End PBXGroup section */

/* Begin PBXNativeTarget section */
		1F29C215283E924A004FFBE3 /* SwiftUIIntermediateBootcamp */ = {
			isa = PBXNativeTarget;
			buildConfigurationList = 1F29C224283E924C004FFBE3 /* Build configuration list for PBXNativeTarget "SwiftUIIntermediateBootcamp" */;
			buildPhases = (
				1F29C212283E924A004FFBE3 /* Sources */,
				1F29C213283E924A004FFBE3 /* Frameworks */,
				1F29C214283E924A004FFBE3 /* Resources */,
			);
			buildRules = (
			);
			dependencies = (
			);
			name = SwiftUIIntermediateBootcamp;
			productName = SwiftUIIntermediateBootcamp;
			productReference = 1F29C216283E924A004FFBE3 /* SwiftUIIntermediateBootcamp.app */;
			productType = "com.apple.product-type.application";
		};
/* End PBXNativeTarget section */

/* Begin PBXProject section */
		1F29C20E283E924A004FFBE3 /* Project object */ = {
			isa = PBXProject;
			attributes = {
				BuildIndependentTargetsInParallel = 1;
				LastSwiftUpdateCheck = 1330;
				LastUpgradeCheck = 1330;
				TargetAttributes = {
					1F29C215283E924A004FFBE3 = {
						CreatedOnToolsVersion = 13.3;
					};
				};
			};
			buildConfigurationList = 1F29C211283E924A004FFBE3 /* Build configuration list for PBXProject "SwiftUIIntermediateBootcamp" */;
			compatibilityVersion = "Xcode 13.0";
			developmentRegion = en;
			hasScannedForEncodings = 0;
			knownRegions = (
				en,
				Base,
			);
			mainGroup = 1F29C20D283E924A004FFBE3;
			productRefGroup = 1F29C217283E924A004FFBE3 /* Products */;
			projectDirPath = "";
			projectRoot = "";
			targets = (
				1F29C215283E924A004FFBE3 /* SwiftUIIntermediateBootcamp */,
			);
		};
/* End PBXProject section */

/* Begin PBXResourcesBuildPhase section */
		1F29C214283E924A004FFBE3 /* Resources */ = {
			isa = PBXResourcesBuildPhase;
			buildActionMask = 2147483647;
			files = (
				1F29C221283E924C004FFBE3 /* Preview Assets.xcassets in Resources */,
				1F29C21E283E924C004FFBE3 /* Assets.xcassets in Resources */,
			);
			runOnlyForDeploymentPostprocessing = 0;
		};
/* End PBXResourcesBuildPhase section */

/* Begin PBXSourcesBuildPhase section */
		1F29C212283E924A004FFBE3 /* Sources */ = {
			isa = PBXSourcesBuildPhase;
			buildActionMask = 2147483647;
			files = (
				8B949BA3285B165100B9CBDF /* EscapingBootcamp.swift in Sources */,
				8B736D2B2858C59700464437 /* BackgroundThreadBootcamp.swift in Sources */,
				1F5C5107283F709C00B8DFE6 /* DragGestureBootcamp.swift in Sources */,
				8B667F9328A9384D00619D53 /* DownloadWithEscapingBootcamp.swift in Sources */,
				1FB1054F284D1F8400F96389 /* MultipleSheetBootcamp.swift in Sources */,
				8B949BA1285A3A4800B9CBDF /* TypealiasBootcamp.swift in Sources */,
				1FAFAAB6284FB47800944DA7 /* ArraysBootcamp.swift in Sources */,
				1F29C21C283E924A004FFBE3 /* ContentView.swift in Sources */,
				1F29C21A283E924A004FFBE3 /* SwiftUIIntermediateBootcampApp.swift in Sources */,
				1FB1054D284D197E00F96389 /* GeometryReaderBootcamp.swift in Sources */,
				1F5C5103283F6BD300B8DFE6 /* MagnificationGestureBootcamp.swift in Sources */,
				1F29C228283E93F3004FFBE3 /* LongPressGestureBootcamp.swift in Sources */,
				1F48627E284E5C2E005B4D66 /* LocalNotificationBootcamp.swift in Sources */,
				1FAFAAB4284FAC3800944DA7 /* HashableBootcamp.swift in Sources */,
				1F5C5105283F6F0400B8DFE6 /* RotationGestureBootcamp.swift in Sources */,
				8B736D2D2858EBF000464437 /* WeakSelfBootcamp.swift in Sources */,
				1FB1054B284D118C00F96389 /* ScrollViewReaderBootcamp.swift in Sources */,
			);
			runOnlyForDeploymentPostprocessing = 0;
		};
/* End PBXSourcesBuildPhase section */

/* Begin XCBuildConfiguration section */
		1F29C222283E924C004FFBE3 /* Debug */ = {
			isa = XCBuildConfiguration;
			buildSettings = {
				ALWAYS_SEARCH_USER_PATHS = NO;
				CLANG_ANALYZER_NONNULL = YES;
				CLANG_ANALYZER_NUMBER_OBJECT_CONVERSION = YES_AGGRESSIVE;
				CLANG_CXX_LANGUAGE_STANDARD = "gnu++17";
				CLANG_ENABLE_MODULES = YES;
				CLANG_ENABLE_OBJC_ARC = YES;
				CLANG_ENABLE_OBJC_WEAK = YES;
				CLANG_WARN_BLOCK_CAPTURE_AUTORELEASING = YES;
				CLANG_WARN_BOOL_CONVERSION = YES;
				CLANG_WARN_COMMA = YES;
				CLANG_WARN_CONSTANT_CONVERSION = YES;
				CLANG_WARN_DEPRECATED_OBJC_IMPLEMENTATIONS = YES;
				CLANG_WARN_DIRECT_OBJC_ISA_USAGE = YES_ERROR;
				CLANG_WARN_DOCUMENTATION_COMMENTS = YES;
				CLANG_WARN_EMPTY_BODY = YES;
				CLANG_WARN_ENUM_CONVERSION = YES;
				CLANG_WARN_INFINITE_RECURSION = YES;
				CLANG_WARN_INT_CONVERSION = YES;
				CLANG_WARN_NON_LITERAL_NULL_CONVERSION = YES;
				CLANG_WARN_OBJC_IMPLICIT_RETAIN_SELF = YES;
				CLANG_WARN_OBJC_LITERAL_CONVERSION = YES;
				CLANG_WARN_OBJC_ROOT_CLASS = YES_ERROR;
				CLANG_WARN_QUOTED_INCLUDE_IN_FRAMEWORK_HEADER = YES;
				CLANG_WARN_RANGE_LOOP_ANALYSIS = YES;
				CLANG_WARN_STRICT_PROTOTYPES = YES;
				CLANG_WARN_SUSPICIOUS_MOVE = YES;
				CLANG_WARN_UNGUARDED_AVAILABILITY = YES_AGGRESSIVE;
				CLANG_WARN_UNREACHABLE_CODE = YES;
				CLANG_WARN__DUPLICATE_METHOD_MATCH = YES;
				COPY_PHASE_STRIP = NO;
				DEBUG_INFORMATION_FORMAT = dwarf;
				ENABLE_STRICT_OBJC_MSGSEND = YES;
				ENABLE_TESTABILITY = YES;
				GCC_C_LANGUAGE_STANDARD = gnu11;
				GCC_DYNAMIC_NO_PIC = NO;
				GCC_NO_COMMON_BLOCKS = YES;
				GCC_OPTIMIZATION_LEVEL = 0;
				GCC_PREPROCESSOR_DEFINITIONS = (
					"DEBUG=1",
					"$(inherited)",
				);
				GCC_WARN_64_TO_32_BIT_CONVERSION = YES;
				GCC_WARN_ABOUT_RETURN_TYPE = YES_ERROR;
				GCC_WARN_UNDECLARED_SELECTOR = YES;
				GCC_WARN_UNINITIALIZED_AUTOS = YES_AGGRESSIVE;
				GCC_WARN_UNUSED_FUNCTION = YES;
				GCC_WARN_UNUSED_VARIABLE = YES;
				IPHONEOS_DEPLOYMENT_TARGET = 15.4;
				MTL_ENABLE_DEBUG_INFO = INCLUDE_SOURCE;
				MTL_FAST_MATH = YES;
				ONLY_ACTIVE_ARCH = YES;
				SDKROOT = iphoneos;
				SWIFT_ACTIVE_COMPILATION_CONDITIONS = DEBUG;
				SWIFT_OPTIMIZATION_LEVEL = "-Onone";
			};
			name = Debug;
		};
		1F29C223283E924C004FFBE3 /* Release */ = {
			isa = XCBuildConfiguration;
			buildSettings = {
				ALWAYS_SEARCH_USER_PATHS = NO;
				CLANG_ANALYZER_NONNULL = YES;
				CLANG_ANALYZER_NUMBER_OBJECT_CONVERSION = YES_AGGRESSIVE;
				CLANG_CXX_LANGUAGE_STANDARD = "gnu++17";
				CLANG_ENABLE_MODULES = YES;
				CLANG_ENABLE_OBJC_ARC = YES;
				CLANG_ENABLE_OBJC_WEAK = YES;
				CLANG_WARN_BLOCK_CAPTURE_AUTORELEASING = YES;
				CLANG_WARN_BOOL_CONVERSION = YES;
				CLANG_WARN_COMMA = YES;
				CLANG_WARN_CONSTANT_CONVERSION = YES;
				CLANG_WARN_DEPRECATED_OBJC_IMPLEMENTATIONS = YES;
				CLANG_WARN_DIRECT_OBJC_ISA_USAGE = YES_ERROR;
				CLANG_WARN_DOCUMENTATION_COMMENTS = YES;
				CLANG_WARN_EMPTY_BODY = YES;
				CLANG_WARN_ENUM_CONVERSION = YES;
				CLANG_WARN_INFINITE_RECURSION = YES;
				CLANG_WARN_INT_CONVERSION = YES;
				CLANG_WARN_NON_LITERAL_NULL_CONVERSION = YES;
				CLANG_WARN_OBJC_IMPLICIT_RETAIN_SELF = YES;
				CLANG_WARN_OBJC_LITERAL_CONVERSION = YES;
				CLANG_WARN_OBJC_ROOT_CLASS = YES_ERROR;
				CLANG_WARN_QUOTED_INCLUDE_IN_FRAMEWORK_HEADER = YES;
				CLANG_WARN_RANGE_LOOP_ANALYSIS = YES;
				CLANG_WARN_STRICT_PROTOTYPES = YES;
				CLANG_WARN_SUSPICIOUS_MOVE = YES;
				CLANG_WARN_UNGUARDED_AVAILABILITY = YES_AGGRESSIVE;
				CLANG_WARN_UNREACHABLE_CODE = YES;
				CLANG_WARN__DUPLICATE_METHOD_MATCH = YES;
				COPY_PHASE_STRIP = NO;
				DEBUG_INFORMATION_FORMAT = "dwarf-with-dsym";
				ENABLE_NS_ASSERTIONS = NO;
				ENABLE_STRICT_OBJC_MSGSEND = YES;
				GCC_C_LANGUAGE_STANDARD = gnu11;
				GCC_NO_COMMON_BLOCKS = YES;
				GCC_WARN_64_TO_32_BIT_CONVERSION = YES;
				GCC_WARN_ABOUT_RETURN_TYPE = YES_ERROR;
				GCC_WARN_UNDECLARED_SELECTOR = YES;
				GCC_WARN_UNINITIALIZED_AUTOS = YES_AGGRESSIVE;
				GCC_WARN_UNUSED_FUNCTION = YES;
				GCC_WARN_UNUSED_VARIABLE = YES;
				IPHONEOS_DEPLOYMENT_TARGET = 15.4;
				MTL_ENABLE_DEBUG_INFO = NO;
				MTL_FAST_MATH = YES;
				SDKROOT = iphoneos;
				SWIFT_COMPILATION_MODE = wholemodule;
				SWIFT_OPTIMIZATION_LEVEL = "-O";
				VALIDATE_PRODUCT = YES;
			};
			name = Release;
		};
		1F29C225283E924C004FFBE3 /* Debug */ = {
			isa = XCBuildConfiguration;
			buildSettings = {
				ASSETCATALOG_COMPILER_APPICON_NAME = AppIcon;
				ASSETCATALOG_COMPILER_GLOBAL_ACCENT_COLOR_NAME = AccentColor;
				CODE_SIGN_STYLE = Automatic;
				CURRENT_PROJECT_VERSION = 1;
				DEVELOPMENT_ASSET_PATHS = "\"SwiftUIIntermediateBootcamp/Preview Content\"";
				DEVELOPMENT_TEAM = ZHPVTZA532;
				ENABLE_PREVIEWS = YES;
				GENERATE_INFOPLIST_FILE = YES;
				INFOPLIST_KEY_UIApplicationSceneManifest_Generation = YES;
				INFOPLIST_KEY_UIApplicationSupportsIndirectInputEvents = YES;
				INFOPLIST_KEY_UILaunchScreen_Generation = YES;
				INFOPLIST_KEY_UISupportedInterfaceOrientations_iPad = "UIInterfaceOrientationPortrait UIInterfaceOrientationPortraitUpsideDown UIInterfaceOrientationLandscapeLeft UIInterfaceOrientationLandscapeRight";
				INFOPLIST_KEY_UISupportedInterfaceOrientations_iPhone = "UIInterfaceOrientationPortrait UIInterfaceOrientationLandscapeLeft UIInterfaceOrientationLandscapeRight";
				LD_RUNPATH_SEARCH_PATHS = (
					"$(inherited)",
					"@executable_path/Frameworks",
				);
				MARKETING_VERSION = 1.0;
				PRODUCT_BUNDLE_IDENTIFIER = com.pRoxy.SwiftUIIntermediateBootcamp;
				PRODUCT_NAME = "$(TARGET_NAME)";
				SWIFT_EMIT_LOC_STRINGS = YES;
				SWIFT_VERSION = 5.0;
				TARGETED_DEVICE_FAMILY = "1,2";
			};
			name = Debug;
		};
		1F29C226283E924C004FFBE3 /* Release */ = {
			isa = XCBuildConfiguration;
			buildSettings = {
				ASSETCATALOG_COMPILER_APPICON_NAME = AppIcon;
				ASSETCATALOG_COMPILER_GLOBAL_ACCENT_COLOR_NAME = AccentColor;
				CODE_SIGN_STYLE = Automatic;
				CURRENT_PROJECT_VERSION = 1;
				DEVELOPMENT_ASSET_PATHS = "\"SwiftUIIntermediateBootcamp/Preview Content\"";
				DEVELOPMENT_TEAM = ZHPVTZA532;
				ENABLE_PREVIEWS = YES;
				GENERATE_INFOPLIST_FILE = YES;
				INFOPLIST_KEY_UIApplicationSceneManifest_Generation = YES;
				INFOPLIST_KEY_UIApplicationSupportsIndirectInputEvents = YES;
				INFOPLIST_KEY_UILaunchScreen_Generation = YES;
				INFOPLIST_KEY_UISupportedInterfaceOrientations_iPad = "UIInterfaceOrientationPortrait UIInterfaceOrientationPortraitUpsideDown UIInterfaceOrientationLandscapeLeft UIInterfaceOrientationLandscapeRight";
				INFOPLIST_KEY_UISupportedInterfaceOrientations_iPhone = "UIInterfaceOrientationPortrait UIInterfaceOrientationLandscapeLeft UIInterfaceOrientationLandscapeRight";
				LD_RUNPATH_SEARCH_PATHS = (
					"$(inherited)",
					"@executable_path/Frameworks",
				);
				MARKETING_VERSION = 1.0;
				PRODUCT_BUNDLE_IDENTIFIER = com.pRoxy.SwiftUIIntermediateBootcamp;
				PRODUCT_NAME = "$(TARGET_NAME)";
				SWIFT_EMIT_LOC_STRINGS = YES;
				SWIFT_VERSION = 5.0;
				TARGETED_DEVICE_FAMILY = "1,2";
			};
			name = Release;
		};
/* End XCBuildConfiguration section */

/* Begin XCConfigurationList section */
		1F29C211283E924A004FFBE3 /* Build configuration list for PBXProject "SwiftUIIntermediateBootcamp" */ = {
			isa = XCConfigurationList;
			buildConfigurations = (
				1F29C222283E924C004FFBE3 /* Debug */,
				1F29C223283E924C004FFBE3 /* Release */,
			);
			defaultConfigurationIsVisible = 0;
			defaultConfigurationName = Release;
		};
		1F29C224283E924C004FFBE3 /* Build configuration list for PBXNativeTarget "SwiftUIIntermediateBootcamp" */ = {
			isa = XCConfigurationList;
			buildConfigurations = (
				1F29C225283E924C004FFBE3 /* Debug */,
				1F29C226283E924C004FFBE3 /* Release */,
			);
			defaultConfigurationIsVisible = 0;
			defaultConfigurationName = Release;
		};
/* End XCConfigurationList section */
	};
	rootObject = 1F29C20E283E924A004FFBE3 /* Project object */;
}
